# THIS IS AN AUTOGENERATED FILE. DO NOT EDIT THIS FILE DIRECTLY.
# yarn lockfile v1


"@rustraf/core-darwin-arm64@0.0.1":
  version "0.0.1"
  resolved "https://registry.yarnpkg.com/@rustraf/core-darwin-arm64/-/core-darwin-arm64-0.0.1.tgz#313ea6e83205688941b729bbdaf11f50cb822530"
  integrity sha512-tiFWo0x/NgbP/haGjeeMfLhPV2ouIvgUlv0eoQCIx8roS+zpEKQjgLnOpbRpztNUleFq5fZ25hFuWDJPEhe96Q==
